
Microsoft Visual Studio Solution File, Format Version 12.00
# Visual Studio Version 17
VisualStudioVersion = 17.0.31903.59
MinimumVisualStudioVersion = 10.0.40219.1
Project("{F184B08F-C81C-45F6-A57F-5ABD9991F28F}") = "WinBMD2", "WinBMD2.vbproj", "{68EE7EFB-B259-4D9C-915F-C3AB58C6502E}"
EndProject
Project("{F184B08F-C81C-45F6-A57F-5ABD9991F28F}") = "WinBMD2Launcher", "..\WinBMD2Launcher\WinBMD2Launcher.vbproj", "{AF1134E9-8315-42F9-9507-A57DFF343580}"
EndProject
Global
	GlobalSection(SolutionConfigurationPlatforms) = preSolution
		Debug|Any CPU = Debug|Any CPU
		Debug|x64 = Debug|x64
		Debug|x86 = Debug|x86
		Release|Any CPU = Release|Any CPU
		Release|x64 = Release|x64
		Release|x86 = Release|x86
	EndGlobalSection
	GlobalSection(ProjectConfigurationPlatforms) = postSolution
		{68EE7EFB-B259-4D9C-915F-C3AB58C6502E}.Debug|Any CPU.ActiveCfg = Debug|Any CPU
		{68EE7EFB-B259-4D9C-915F-C3AB58C6502E}.Debug|Any CPU.Build.0 = Debug|Any CPU
		{68EE7EFB-B259-4D9C-915F-C3AB58C6502E}.Debug|x64.ActiveCfg = Debug|Any CPU
		{68EE7EFB-B259-4D9C-915F-C3AB58C6502E}.Debug|x64.Build.0 = Debug|Any CPU
		{68EE7EFB-B259-4D9C-915F-C3AB58C6502E}.Debug|x86.ActiveCfg = Debug|Any CPU
		{68EE7EFB-B259-4D9C-915F-C3AB58C6502E}.Debug|x86.Build.0 = Debug|Any CPU
		{68EE7EFB-B259-4D9C-915F-C3AB58C6502E}.Release|Any CPU.ActiveCfg = Release|Any CPU
		{68EE7EFB-B259-4D9C-915F-C3AB58C6502E}.Release|Any CPU.Build.0 = Release|Any CPU
		{68EE7EFB-B259-4D9C-915F-C3AB58C6502E}.Release|x64.ActiveCfg = Release|Any CPU
		{68EE7EFB-B259-4D9C-915F-C3AB58C6502E}.Release|x64.Build.0 = Release|Any CPU
		{68EE7EFB-B259-4D9C-915F-C3AB58C6502E}.Release|x86.ActiveCfg = Release|Any CPU
		{68EE7EFB-B259-4D9C-915F-C3AB58C6502E}.Release|x86.Build.0 = Release|Any CPU
		{AF1134E9-8315-42F9-9507-A57DFF343580}.Debug|Any CPU.ActiveCfg = Debug|Any CPU
		{AF1134E9-8315-42F9-9507-A57DFF343580}.Debug|Any CPU.Build.0 = Debug|Any CPU
		{AF1134E9-8315-42F9-9507-A57DFF343580}.Debug|x64.ActiveCfg = Debug|Any CPU
		{AF1134E9-8315-42F9-9507-A57DFF343580}.Debug|x64.Build.0 = Debug|Any CPU
		{AF1134E9-8315-42F9-9507-A57DFF343580}.Debug|x86.ActiveCfg = Debug|Any CPU
		{AF1134E9-8315-42F9-9507-A57DFF343580}.Debug|x86.Build.0 = Debug|Any CPU
		{AF1134E9-8315-42F9-9507-A57DFF343580}.Release|Any CPU.ActiveCfg = Release|Any CPU
		{AF1134E9-8315-42F9-9507-A57DFF343580}.Release|Any CPU.Build.0 = Release|Any CPU
		{AF1134E9-8315-42F9-9507-A57DFF343580}.Release|x64.ActiveCfg = Release|Any CPU
		{AF1134E9-8315-42F9-9507-A57DFF343580}.Release|x64.Build.0 = Release|Any CPU
		{AF1134E9-8315-42F9-9507-A57DFF343580}.Release|x86.ActiveCfg = Release|Any CPU
		{AF1134E9-8315-42F9-9507-A57DFF343580}.Release|x86.Build.0 = Release|Any CPU
	EndGlobalSection
	GlobalSection(SolutionProperties) = preSolution
		HideSolutionNode = FALSE
	EndGlobalSection
EndGlobal
